<Solution>
  <Project Path="FoodOrdedSystem.Domain/FoodOrdedSystem.Domain.csproj" Id="2ff6bfbd-9ad8-4bc1-8af2-8c01ad1f35a3" />
  <Project Path="FoodOrdedSystem.EntityFrameworkCore/FoodOrdedSystem.EntityFrameworkCore.csproj" Id="27b77ae0-d8ef-4bd4-b854-a729fc764dee" />
  <Project Path="FoodOrdedSystem.Infrastructure/FoodOrdedSystem.Infrastructure.csproj" />
  <Project Path="FoodOrdedSystem/FoodOrdedSystem.API.csproj" />
</Solution>
